
Microsoft Visual Studio Solution File, Format Version 12.00
# Visual Studio 14
VisualStudioVersion = 14.0.25420.1
MinimumVisualStudioVersion = 10.0.40219.1
Project("{FAE04EC0-301F-11D3-BF4B-00C04F79EFBC}") = "XFWebCategory.Android", "XFWebCategory\XFWebCategory.Android\XFWebCategory.Android.csproj", "{C5192BE8-C4E5-4EC7-8897-10065D67CB7E}"
EndProject
Project("{FAE04EC0-301F-11D3-BF4B-00C04F79EFBC}") = "XFWebCategory", "XFWebCategory\XFWebCategory\XFWebCategory.csproj", "{39F1392B-8173-4428-976A-730CBDFC885A}"
EndProject
Project("{FAE04EC0-301F-11D3-BF4B-00C04F79EFBC}") = "XFWebCategory.iOS", "XFWebCategory\XFWebCategory.iOS\XFWebCategory.iOS.csproj", "{29F17EB6-57F2-46AD-BF99-D967EC443504}"
EndProject
Global
	GlobalSection(SolutionConfigurationPlatforms) = preSolution
		Ad-Hoc|Any CPU = Ad-Hoc|Any CPU
		Ad-Hoc|ARM = Ad-Hoc|ARM
		Ad-Hoc|iPhone = Ad-Hoc|iPhone
		Ad-Hoc|iPhoneSimulator = Ad-Hoc|iPhoneSimulator
		Ad-Hoc|x64 = Ad-Hoc|x64
		Ad-Hoc|x86 = Ad-Hoc|x86
		AppStore|Any CPU = AppStore|Any CPU
		AppStore|ARM = AppStore|ARM
		AppStore|iPhone = AppStore|iPhone
		AppStore|iPhoneSimulator = AppStore|iPhoneSimulator
		AppStore|x64 = AppStore|x64
		AppStore|x86 = AppStore|x86
		Debug|Any CPU = Debug|Any CPU
		Debug|ARM = Debug|ARM
		Debug|iPhone = Debug|iPhone
		Debug|iPhoneSimulator = Debug|iPhoneSimulator
		Debug|x64 = Debug|x64
		Debug|x86 = Debug|x86
		Release|Any CPU = Release|Any CPU
		Release|ARM = Release|ARM
		Release|iPhone = Release|iPhone
		Release|iPhoneSimulator = Release|iPhoneSimulator
		Release|x64 = Release|x64
		Release|x86 = Release|x86
	EndGlobalSection
	GlobalSection(ProjectConfigurationPlatforms) = postSolution
		{C5192BE8-C4E5-4EC7-8897-10065D67CB7E}.Ad-Hoc|Any CPU.ActiveCfg = Release|Any CPU
		{C5192BE8-C4E5-4EC7-8897-10065D67CB7E}.Ad-Hoc|Any CPU.Build.0 = Release|Any CPU
		{C5192BE8-C4E5-4EC7-8897-10065D67CB7E}.Ad-Hoc|Any CPU.Deploy.0 = Release|Any CPU
		{C5192BE8-C4E5-4EC7-8897-10065D67CB7E}.Ad-Hoc|ARM.ActiveCfg = Release|Any CPU
		{C5192BE8-C4E5-4EC7-8897-10065D67CB7E}.Ad-Hoc|ARM.Build.0 = Release|Any CPU
		{C5192BE8-C4E5-4EC7-8897-10065D67CB7E}.Ad-Hoc|ARM.Deploy.0 = Release|Any CPU
		{C5192BE8-C4E5-4EC7-8897-10065D67CB7E}.Ad-Hoc|iPhone.ActiveCfg = Release|Any CPU
		{C5192BE8-C4E5-4EC7-8897-10065D67CB7E}.Ad-Hoc|iPhone.Build.0 = Release|Any CPU
		{C5192BE8-C4E5-4EC7-8897-10065D67CB7E}.Ad-Hoc|iPhone.Deploy.0 = Release|Any CPU
		{C5192BE8-C4E5-4EC7-8897-10065D67CB7E}.Ad-Hoc|iPhoneSimulator.ActiveCfg = Release|Any CPU
		{C5192BE8-C4E5-4EC7-8897-10065D67CB7E}.Ad-Hoc|iPhoneSimulator.Build.0 = Release|Any CPU
		{C5192BE8-C4E5-4EC7-8897-10065D67CB7E}.Ad-Hoc|iPhoneSimulator.Deploy.0 = Release|Any CPU
		{C5192BE8-C4E5-4EC7-8897-10065D67CB7E}.Ad-Hoc|x64.ActiveCfg = Release|Any CPU
		{C5192BE8-C4E5-4EC7-8897-10065D67CB7E}.Ad-Hoc|x64.Build.0 = Release|Any CPU
		{C5192BE8-C4E5-4EC7-8897-10065D67CB7E}.Ad-Hoc|x64.Deploy.0 = Release|Any CPU
		{C5192BE8-C4E5-4EC7-8897-10065D67CB7E}.Ad-Hoc|x86.ActiveCfg = Release|Any CPU
		{C5192BE8-C4E5-4EC7-8897-10065D67CB7E}.Ad-Hoc|x86.Build.0 = Release|Any CPU
		{C5192BE8-C4E5-4EC7-8897-10065D67CB7E}.Ad-Hoc|x86.Deploy.0 = Release|Any CPU
		{C5192BE8-C4E5-4EC7-8897-10065D67CB7E}.AppStore|Any CPU.ActiveCfg = Release|Any CPU
		{C5192BE8-C4E5-4EC7-8897-10065D67CB7E}.AppStore|Any CPU.Build.0 = Release|Any CPU
		{C5192BE8-C4E5-4EC7-8897-10065D67CB7E}.AppStore|Any CPU.Deploy.0 = Release|Any CPU
		{C5192BE8-C4E5-4EC7-8897-10065D67CB7E}.AppStore|ARM.ActiveCfg = Release|Any CPU
		{C5192BE8-C4E5-4EC7-8897-10065D67CB7E}.AppStore|ARM.Build.0 = Release|Any CPU
		{C5192BE8-C4E5-4EC7-8897-10065D67CB7E}.AppStore|ARM.Deploy.0 = Release|Any CPU
		{C5192BE8-C4E5-4EC7-8897-10065D67CB7E}.AppStore|iPhone.ActiveCfg = Release|Any CPU
		{C5192BE8-C4E5-4EC7-8897-10065D67CB7E}.AppStore|iPhone.Build.0 = Release|Any CPU
		{C5192BE8-C4E5-4EC7-8897-10065D67CB7E}.AppStore|iPhone.Deploy.0 = Release|Any CPU
		{C5192BE8-C4E5-4EC7-8897-10065D67CB7E}.AppStore|iPhoneSimulator.ActiveCfg = Release|Any CPU
		{C5192BE8-C4E5-4EC7-8897-10065D67CB7E}.AppStore|iPhoneSimulator.Build.0 = Release|Any CPU
		{C5192BE8-C4E5-4EC7-8897-10065D67CB7E}.AppStore|iPhoneSimulator.Deploy.0 = Release|Any CPU
		{C5192BE8-C4E5-4EC7-8897-10065D67CB7E}.AppStore|x64.ActiveCfg = Release|Any CPU
		{C5192BE8-C4E5-4EC7-8897-10065D67CB7E}.AppStore|x64.Build.0 = Release|Any CPU
		{C5192BE8-C4E5-4EC7-8897-10065D67CB7E}.AppStore|x64.Deploy.0 = Release|Any CPU
		{C5192BE8-C4E5-4EC7-8897-10065D67CB7E}.AppStore|x86.ActiveCfg = Release|Any CPU
		{C5192BE8-C4E5-4EC7-8897-10065D67CB7E}.AppStore|x86.Build.0 = Release|Any CPU
		{C5192BE8-C4E5-4EC7-8897-10065D67CB7E}.AppStore|x86.Deploy.0 = Release|Any CPU
		{C5192BE8-C4E5-4EC7-8897-10065D67CB7E}.Debug|Any CPU.ActiveCfg = Debug|Any CPU
		{C5192BE8-C4E5-4EC7-8897-10065D67CB7E}.Debug|Any CPU.Build.0 = Debug|Any CPU
		{C5192BE8-C4E5-4EC7-8897-10065D67CB7E}.Debug|Any CPU.Deploy.0 = Debug|Any CPU
		{C5192BE8-C4E5-4EC7-8897-10065D67CB7E}.Debug|ARM.ActiveCfg = Debug|Any CPU
		{C5192BE8-C4E5-4EC7-8897-10065D67CB7E}.Debug|ARM.Build.0 = Debug|Any CPU
		{C5192BE8-C4E5-4EC7-8897-10065D67CB7E}.Debug|ARM.Deploy.0 = Debug|Any CPU
		{C5192BE8-C4E5-4EC7-8897-10065D67CB7E}.Debug|iPhone.ActiveCfg = Debug|Any CPU
		{C5192BE8-C4E5-4EC7-8897-10065D67CB7E}.Debug|iPhone.Build.0 = Debug|Any CPU
		{C5192BE8-C4E5-4EC7-8897-10065D67CB7E}.Debug|iPhone.Deploy.0 = Debug|Any CPU
		{C5192BE8-C4E5-4EC7-8897-10065D67CB7E}.Debug|iPhoneSimulator.ActiveCfg = Debug|Any CPU
		{C5192BE8-C4E5-4EC7-8897-10065D67CB7E}.Debug|iPhoneSimulator.Build.0 = Debug|Any CPU
		{C5192BE8-C4E5-4EC7-8897-10065D67CB7E}.Debug|iPhoneSimulator.Deploy.0 = Debug|Any CPU
		{C5192BE8-C4E5-4EC7-8897-10065D67CB7E}.Debug|x64.ActiveCfg = Debug|Any CPU
		{C5192BE8-C4E5-4EC7-8897-10065D67CB7E}.Debug|x64.Build.0 = Debug|Any CPU
		{C5192BE8-C4E5-4EC7-8897-10065D67CB7E}.Debug|x64.Deploy.0 = Debug|Any CPU
		{C5192BE8-C4E5-4EC7-8897-10065D67CB7E}.Debug|x86.ActiveCfg = Debug|Any CPU
		{C5192BE8-C4E5-4EC7-8897-10065D67CB7E}.Debug|x86.Build.0 = Debug|Any CPU
		{C5192BE8-C4E5-4EC7-8897-10065D67CB7E}.Debug|x86.Deploy.0 = Debug|Any CPU
		{C5192BE8-C4E5-4EC7-8897-10065D67CB7E}.Release|Any CPU.ActiveCfg = Release|Any CPU
		{C5192BE8-C4E5-4EC7-8897-10065D67CB7E}.Release|Any CPU.Build.0 = Release|Any CPU
		{C5192BE8-C4E5-4EC7-8897-10065D67CB7E}.Release|Any CPU.Deploy.0 = Release|Any CPU
		{C5192BE8-C4E5-4EC7-8897-10065D67CB7E}.Release|ARM.ActiveCfg = Release|Any CPU
		{C5192BE8-C4E5-4EC7-8897-10065D67CB7E}.Release|ARM.Build.0 = Release|Any CPU
		{C5192BE8-C4E5-4EC7-8897-10065D67CB7E}.Release|ARM.Deploy.0 = Release|Any CPU
		{C5192BE8-C4E5-4EC7-8897-10065D67CB7E}.Release|iPhone.ActiveCfg = Release|Any CPU
		{C5192BE8-C4E5-4EC7-8897-10065D67CB7E}.Release|iPhone.Build.0 = Release|Any CPU
		{C5192BE8-C4E5-4EC7-8897-10065D67CB7E}.Release|iPhone.Deploy.0 = Release|Any CPU
		{C5192BE8-C4E5-4EC7-8897-10065D67CB7E}.Release|iPhoneSimulator.ActiveCfg = Release|Any CPU
		{C5192BE8-C4E5-4EC7-8897-10065D67CB7E}.Release|iPhoneSimulator.Build.0 = Release|Any CPU
		{C5192BE8-C4E5-4EC7-8897-10065D67CB7E}.Release|iPhoneSimulator.Deploy.0 = Release|Any CPU
		{C5192BE8-C4E5-4EC7-8897-10065D67CB7E}.Release|x64.ActiveCfg = Release|Any CPU
		{C5192BE8-C4E5-4EC7-8897-10065D67CB7E}.Release|x64.Build.0 = Release|Any CPU
		{C5192BE8-C4E5-4EC7-8897-10065D67CB7E}.Release|x64.Deploy.0 = Release|Any CPU
		{C5192BE8-C4E5-4EC7-8897-10065D67CB7E}.Release|x86.ActiveCfg = Release|Any CPU
		{C5192BE8-C4E5-4EC7-8897-10065D67CB7E}.Release|x86.Build.0 = Release|Any CPU
		{C5192BE8-C4E5-4EC7-8897-10065D67CB7E}.Release|x86.Deploy.0 = Release|Any CPU
		{39F1392B-8173-4428-976A-730CBDFC885A}.Ad-Hoc|Any CPU.ActiveCfg = Release|Any CPU
		{39F1392B-8173-4428-976A-730CBDFC885A}.Ad-Hoc|Any CPU.Build.0 = Release|Any CPU
		{39F1392B-8173-4428-976A-730CBDFC885A}.Ad-Hoc|ARM.ActiveCfg = Release|Any CPU
		{39F1392B-8173-4428-976A-730CBDFC885A}.Ad-Hoc|ARM.Build.0 = Release|Any CPU
		{39F1392B-8173-4428-976A-730CBDFC885A}.Ad-Hoc|iPhone.ActiveCfg = Release|Any CPU
		{39F1392B-8173-4428-976A-730CBDFC885A}.Ad-Hoc|iPhone.Build.0 = Release|Any CPU
		{39F1392B-8173-4428-976A-730CBDFC885A}.Ad-Hoc|iPhoneSimulator.ActiveCfg = Release|Any CPU
		{39F1392B-8173-4428-976A-730CBDFC885A}.Ad-Hoc|iPhoneSimulator.Build.0 = Release|Any CPU
		{39F1392B-8173-4428-976A-730CBDFC885A}.Ad-Hoc|x64.ActiveCfg = Release|Any CPU
		{39F1392B-8173-4428-976A-730CBDFC885A}.Ad-Hoc|x64.Build.0 = Release|Any CPU
		{39F1392B-8173-4428-976A-730CBDFC885A}.Ad-Hoc|x86.ActiveCfg = Release|Any CPU
		{39F1392B-8173-4428-976A-730CBDFC885A}.Ad-Hoc|x86.Build.0 = Release|Any CPU
		{39F1392B-8173-4428-976A-730CBDFC885A}.AppStore|Any CPU.ActiveCfg = Release|Any CPU
		{39F1392B-8173-4428-976A-730CBDFC885A}.AppStore|Any CPU.Build.0 = Release|Any CPU
		{39F1392B-8173-4428-976A-730CBDFC885A}.AppStore|ARM.ActiveCfg = Release|Any CPU
		{39F1392B-8173-4428-976A-730CBDFC885A}.AppStore|ARM.Build.0 = Release|Any CPU
		{39F1392B-8173-4428-976A-730CBDFC885A}.AppStore|iPhone.ActiveCfg = Release|Any CPU
		{39F1392B-8173-4428-976A-730CBDFC885A}.AppStore|iPhone.Build.0 = Release|Any CPU
		{39F1392B-8173-4428-976A-730CBDFC885A}.AppStore|iPhoneSimulator.ActiveCfg = Release|Any CPU
		{39F1392B-8173-4428-976A-730CBDFC885A}.AppStore|iPhoneSimulator.Build.0 = Release|Any CPU
		{39F1392B-8173-4428-976A-730CBDFC885A}.AppStore|x64.ActiveCfg = Release|Any CPU
		{39F1392B-8173-4428-976A-730CBDFC885A}.AppStore|x64.Build.0 = Release|Any CPU
		{39F1392B-8173-4428-976A-730CBDFC885A}.AppStore|x86.ActiveCfg = Release|Any CPU
		{39F1392B-8173-4428-976A-730CBDFC885A}.AppStore|x86.Build.0 = Release|Any CPU
		{39F1392B-8173-4428-976A-730CBDFC885A}.Debug|Any CPU.ActiveCfg = Debug|Any CPU
		{39F1392B-8173-4428-976A-730CBDFC885A}.Debug|Any CPU.Build.0 = Debug|Any CPU
		{39F1392B-8173-4428-976A-730CBDFC885A}.Debug|ARM.ActiveCfg = Debug|Any CPU
		{39F1392B-8173-4428-976A-730CBDFC885A}.Debug|ARM.Build.0 = Debug|Any CPU
		{39F1392B-8173-4428-976A-730CBDFC885A}.Debug|iPhone.ActiveCfg = Debug|Any CPU
		{39F1392B-8173-4428-976A-730CBDFC885A}.Debug|iPhone.Build.0 = Debug|Any CPU
		{39F1392B-8173-4428-976A-730CBDFC885A}.Debug|iPhoneSimulator.ActiveCfg = Debug|Any CPU
		{39F1392B-8173-4428-976A-730CBDFC885A}.Debug|iPhoneSimulator.Build.0 = Debug|Any CPU
		{39F1392B-8173-4428-976A-730CBDFC885A}.Debug|x64.ActiveCfg = Debug|Any CPU
		{39F1392B-8173-4428-976A-730CBDFC885A}.Debug|x64.Build.0 = Debug|Any CPU
		{39F1392B-8173-4428-976A-730CBDFC885A}.Debug|x86.ActiveCfg = Debug|Any CPU
		{39F1392B-8173-4428-976A-730CBDFC885A}.Debug|x86.Build.0 = Debug|Any CPU
		{39F1392B-8173-4428-976A-730CBDFC885A}.Release|Any CPU.ActiveCfg = Release|Any CPU
		{39F1392B-8173-4428-976A-730CBDFC885A}.Release|Any CPU.Build.0 = Release|Any CPU
		{39F1392B-8173-4428-976A-730CBDFC885A}.Release|ARM.ActiveCfg = Release|Any CPU
		{39F1392B-8173-4428-976A-730CBDFC885A}.Release|ARM.Build.0 = Release|Any CPU
		{39F1392B-8173-4428-976A-730CBDFC885A}.Release|iPhone.ActiveCfg = Release|Any CPU
		{39F1392B-8173-4428-976A-730CBDFC885A}.Release|iPhone.Build.0 = Release|Any CPU
		{39F1392B-8173-4428-976A-730CBDFC885A}.Release|iPhoneSimulator.ActiveCfg = Release|Any CPU
		{39F1392B-8173-4428-976A-730CBDFC885A}.Release|iPhoneSimulator.Build.0 = Release|Any CPU
		{39F1392B-8173-4428-976A-730CBDFC885A}.Release|x64.ActiveCfg = Release|Any CPU
		{39F1392B-8173-4428-976A-730CBDFC885A}.Release|x64.Build.0 = Release|Any CPU
		{39F1392B-8173-4428-976A-730CBDFC885A}.Release|x86.ActiveCfg = Release|Any CPU
		{39F1392B-8173-4428-976A-730CBDFC885A}.Release|x86.Build.0 = Release|Any CPU
		{29F17EB6-57F2-46AD-BF99-D967EC443504}.Ad-Hoc|Any CPU.ActiveCfg = Ad-Hoc|iPhone
		{29F17EB6-57F2-46AD-BF99-D967EC443504}.Ad-Hoc|ARM.ActiveCfg = Ad-Hoc|iPhone
		{29F17EB6-57F2-46AD-BF99-D967EC443504}.Ad-Hoc|iPhone.ActiveCfg = Ad-Hoc|iPhone
		{29F17EB6-57F2-46AD-BF99-D967EC443504}.Ad-Hoc|iPhone.Build.0 = Ad-Hoc|iPhone
		{29F17EB6-57F2-46AD-BF99-D967EC443504}.Ad-Hoc|iPhoneSimulator.ActiveCfg = Ad-Hoc|iPhoneSimulator
		{29F17EB6-57F2-46AD-BF99-D967EC443504}.Ad-Hoc|iPhoneSimulator.Build.0 = Ad-Hoc|iPhoneSimulator
		{29F17EB6-57F2-46AD-BF99-D967EC443504}.Ad-Hoc|x64.ActiveCfg = Ad-Hoc|iPhone
		{29F17EB6-57F2-46AD-BF99-D967EC443504}.Ad-Hoc|x86.ActiveCfg = Ad-Hoc|iPhone
		{29F17EB6-57F2-46AD-BF99-D967EC443504}.AppStore|Any CPU.ActiveCfg = AppStore|iPhone
		{29F17EB6-57F2-46AD-BF99-D967EC443504}.AppStore|ARM.ActiveCfg = AppStore|iPhone
		{29F17EB6-57F2-46AD-BF99-D967EC443504}.AppStore|iPhone.ActiveCfg = AppStore|iPhone
		{29F17EB6-57F2-46AD-BF99-D967EC443504}.AppStore|iPhone.Build.0 = AppStore|iPhone
		{29F17EB6-57F2-46AD-BF99-D967EC443504}.AppStore|iPhoneSimulator.ActiveCfg = AppStore|iPhoneSimulator
		{29F17EB6-57F2-46AD-BF99-D967EC443504}.AppStore|iPhoneSimulator.Build.0 = AppStore|iPhoneSimulator
		{29F17EB6-57F2-46AD-BF99-D967EC443504}.AppStore|x64.ActiveCfg = AppStore|iPhone
		{29F17EB6-57F2-46AD-BF99-D967EC443504}.AppStore|x86.ActiveCfg = AppStore|iPhone
		{29F17EB6-57F2-46AD-BF99-D967EC443504}.Debug|Any CPU.ActiveCfg = Debug|iPhone
		{29F17EB6-57F2-46AD-BF99-D967EC443504}.Debug|ARM.ActiveCfg = Debug|iPhone
		{29F17EB6-57F2-46AD-BF99-D967EC443504}.Debug|iPhone.ActiveCfg = Debug|iPhone
		{29F17EB6-57F2-46AD-BF99-D967EC443504}.Debug|iPhone.Build.0 = Debug|iPhone
		{29F17EB6-57F2-46AD-BF99-D967EC443504}.Debug|iPhoneSimulator.ActiveCfg = Debug|iPhoneSimulator
		{29F17EB6-57F2-46AD-BF99-D967EC443504}.Debug|iPhoneSimulator.Build.0 = Debug|iPhoneSimulator
		{29F17EB6-57F2-46AD-BF99-D967EC443504}.Debug|x64.ActiveCfg = Debug|iPhone
		{29F17EB6-57F2-46AD-BF99-D967EC443504}.Debug|x86.ActiveCfg = Debug|iPhone
		{29F17EB6-57F2-46AD-BF99-D967EC443504}.Release|Any CPU.ActiveCfg = Release|iPhone
		{29F17EB6-57F2-46AD-BF99-D967EC443504}.Release|ARM.ActiveCfg = Release|iPhone
		{29F17EB6-57F2-46AD-BF99-D967EC443504}.Release|iPhone.ActiveCfg = Release|iPhone
		{29F17EB6-57F2-46AD-BF99-D967EC443504}.Release|iPhone.Build.0 = Release|iPhone
		{29F17EB6-57F2-46AD-BF99-D967EC443504}.Release|iPhoneSimulator.ActiveCfg = Release|iPhoneSimulator
		{29F17EB6-57F2-46AD-BF99-D967EC443504}.Release|iPhoneSimulator.Build.0 = Release|iPhoneSimulator
		{29F17EB6-57F2-46AD-BF99-D967EC443504}.Release|x64.ActiveCfg = Release|iPhone
		{29F17EB6-57F2-46AD-BF99-D967EC443504}.Release|x86.ActiveCfg = Release|iPhone
	EndGlobalSection
	GlobalSection(SolutionProperties) = preSolution
		HideSolutionNode = FALSE
	EndGlobalSection
EndGlobal
