
Microsoft Visual Studio Solution File, Format Version 12.00
# Visual Studio 14
VisualStudioVersion = 14.0.25420.1
MinimumVisualStudioVersion = 10.0.40219.1
Project("{FAE04EC0-301F-11D3-BF4B-00C04F79EFBC}") = "XFGridUpdates.Android", "XFGridUpdates\XFGridUpdates.Android\XFGridUpdates.Android.csproj", "{0442259F-63C9-4FAA-B463-EAA7F5E5A9D5}"
EndProject
Project("{FAE04EC0-301F-11D3-BF4B-00C04F79EFBC}") = "XFGridUpdates", "XFGridUpdates\XFGridUpdates\XFGridUpdates.csproj", "{2801F903-8792-44B9-92AF-A1B859AC2487}"
EndProject
Project("{FAE04EC0-301F-11D3-BF4B-00C04F79EFBC}") = "XFGridUpdates.iOS", "XFGridUpdates\XFGridUpdates.iOS\XFGridUpdates.iOS.csproj", "{F7221406-DFBF-48C8-87CA-4C047736FCF8}"
EndProject
Global
	GlobalSection(SolutionConfigurationPlatforms) = preSolution
		Ad-Hoc|Any CPU = Ad-Hoc|Any CPU
		Ad-Hoc|ARM = Ad-Hoc|ARM
		Ad-Hoc|iPhone = Ad-Hoc|iPhone
		Ad-Hoc|iPhoneSimulator = Ad-Hoc|iPhoneSimulator
		Ad-Hoc|x64 = Ad-Hoc|x64
		Ad-Hoc|x86 = Ad-Hoc|x86
		AppStore|Any CPU = AppStore|Any CPU
		AppStore|ARM = AppStore|ARM
		AppStore|iPhone = AppStore|iPhone
		AppStore|iPhoneSimulator = AppStore|iPhoneSimulator
		AppStore|x64 = AppStore|x64
		AppStore|x86 = AppStore|x86
		Debug|Any CPU = Debug|Any CPU
		Debug|ARM = Debug|ARM
		Debug|iPhone = Debug|iPhone
		Debug|iPhoneSimulator = Debug|iPhoneSimulator
		Debug|x64 = Debug|x64
		Debug|x86 = Debug|x86
		Release|Any CPU = Release|Any CPU
		Release|ARM = Release|ARM
		Release|iPhone = Release|iPhone
		Release|iPhoneSimulator = Release|iPhoneSimulator
		Release|x64 = Release|x64
		Release|x86 = Release|x86
	EndGlobalSection
	GlobalSection(ProjectConfigurationPlatforms) = postSolution
		{0442259F-63C9-4FAA-B463-EAA7F5E5A9D5}.Ad-Hoc|Any CPU.ActiveCfg = Release|Any CPU
		{0442259F-63C9-4FAA-B463-EAA7F5E5A9D5}.Ad-Hoc|Any CPU.Build.0 = Release|Any CPU
		{0442259F-63C9-4FAA-B463-EAA7F5E5A9D5}.Ad-Hoc|Any CPU.Deploy.0 = Release|Any CPU
		{0442259F-63C9-4FAA-B463-EAA7F5E5A9D5}.Ad-Hoc|ARM.ActiveCfg = Release|Any CPU
		{0442259F-63C9-4FAA-B463-EAA7F5E5A9D5}.Ad-Hoc|ARM.Build.0 = Release|Any CPU
		{0442259F-63C9-4FAA-B463-EAA7F5E5A9D5}.Ad-Hoc|ARM.Deploy.0 = Release|Any CPU
		{0442259F-63C9-4FAA-B463-EAA7F5E5A9D5}.Ad-Hoc|iPhone.ActiveCfg = Release|Any CPU
		{0442259F-63C9-4FAA-B463-EAA7F5E5A9D5}.Ad-Hoc|iPhone.Build.0 = Release|Any CPU
		{0442259F-63C9-4FAA-B463-EAA7F5E5A9D5}.Ad-Hoc|iPhone.Deploy.0 = Release|Any CPU
		{0442259F-63C9-4FAA-B463-EAA7F5E5A9D5}.Ad-Hoc|iPhoneSimulator.ActiveCfg = Release|Any CPU
		{0442259F-63C9-4FAA-B463-EAA7F5E5A9D5}.Ad-Hoc|iPhoneSimulator.Build.0 = Release|Any CPU
		{0442259F-63C9-4FAA-B463-EAA7F5E5A9D5}.Ad-Hoc|iPhoneSimulator.Deploy.0 = Release|Any CPU
		{0442259F-63C9-4FAA-B463-EAA7F5E5A9D5}.Ad-Hoc|x64.ActiveCfg = Release|Any CPU
		{0442259F-63C9-4FAA-B463-EAA7F5E5A9D5}.Ad-Hoc|x64.Build.0 = Release|Any CPU
		{0442259F-63C9-4FAA-B463-EAA7F5E5A9D5}.Ad-Hoc|x64.Deploy.0 = Release|Any CPU
		{0442259F-63C9-4FAA-B463-EAA7F5E5A9D5}.Ad-Hoc|x86.ActiveCfg = Release|Any CPU
		{0442259F-63C9-4FAA-B463-EAA7F5E5A9D5}.Ad-Hoc|x86.Build.0 = Release|Any CPU
		{0442259F-63C9-4FAA-B463-EAA7F5E5A9D5}.Ad-Hoc|x86.Deploy.0 = Release|Any CPU
		{0442259F-63C9-4FAA-B463-EAA7F5E5A9D5}.AppStore|Any CPU.ActiveCfg = Release|Any CPU
		{0442259F-63C9-4FAA-B463-EAA7F5E5A9D5}.AppStore|Any CPU.Build.0 = Release|Any CPU
		{0442259F-63C9-4FAA-B463-EAA7F5E5A9D5}.AppStore|Any CPU.Deploy.0 = Release|Any CPU
		{0442259F-63C9-4FAA-B463-EAA7F5E5A9D5}.AppStore|ARM.ActiveCfg = Release|Any CPU
		{0442259F-63C9-4FAA-B463-EAA7F5E5A9D5}.AppStore|ARM.Build.0 = Release|Any CPU
		{0442259F-63C9-4FAA-B463-EAA7F5E5A9D5}.AppStore|ARM.Deploy.0 = Release|Any CPU
		{0442259F-63C9-4FAA-B463-EAA7F5E5A9D5}.AppStore|iPhone.ActiveCfg = Release|Any CPU
		{0442259F-63C9-4FAA-B463-EAA7F5E5A9D5}.AppStore|iPhone.Build.0 = Release|Any CPU
		{0442259F-63C9-4FAA-B463-EAA7F5E5A9D5}.AppStore|iPhone.Deploy.0 = Release|Any CPU
		{0442259F-63C9-4FAA-B463-EAA7F5E5A9D5}.AppStore|iPhoneSimulator.ActiveCfg = Release|Any CPU
		{0442259F-63C9-4FAA-B463-EAA7F5E5A9D5}.AppStore|iPhoneSimulator.Build.0 = Release|Any CPU
		{0442259F-63C9-4FAA-B463-EAA7F5E5A9D5}.AppStore|iPhoneSimulator.Deploy.0 = Release|Any CPU
		{0442259F-63C9-4FAA-B463-EAA7F5E5A9D5}.AppStore|x64.ActiveCfg = Release|Any CPU
		{0442259F-63C9-4FAA-B463-EAA7F5E5A9D5}.AppStore|x64.Build.0 = Release|Any CPU
		{0442259F-63C9-4FAA-B463-EAA7F5E5A9D5}.AppStore|x64.Deploy.0 = Release|Any CPU
		{0442259F-63C9-4FAA-B463-EAA7F5E5A9D5}.AppStore|x86.ActiveCfg = Release|Any CPU
		{0442259F-63C9-4FAA-B463-EAA7F5E5A9D5}.AppStore|x86.Build.0 = Release|Any CPU
		{0442259F-63C9-4FAA-B463-EAA7F5E5A9D5}.AppStore|x86.Deploy.0 = Release|Any CPU
		{0442259F-63C9-4FAA-B463-EAA7F5E5A9D5}.Debug|Any CPU.ActiveCfg = Debug|Any CPU
		{0442259F-63C9-4FAA-B463-EAA7F5E5A9D5}.Debug|Any CPU.Build.0 = Debug|Any CPU
		{0442259F-63C9-4FAA-B463-EAA7F5E5A9D5}.Debug|Any CPU.Deploy.0 = Debug|Any CPU
		{0442259F-63C9-4FAA-B463-EAA7F5E5A9D5}.Debug|ARM.ActiveCfg = Debug|Any CPU
		{0442259F-63C9-4FAA-B463-EAA7F5E5A9D5}.Debug|ARM.Build.0 = Debug|Any CPU
		{0442259F-63C9-4FAA-B463-EAA7F5E5A9D5}.Debug|ARM.Deploy.0 = Debug|Any CPU
		{0442259F-63C9-4FAA-B463-EAA7F5E5A9D5}.Debug|iPhone.ActiveCfg = Debug|Any CPU
		{0442259F-63C9-4FAA-B463-EAA7F5E5A9D5}.Debug|iPhone.Build.0 = Debug|Any CPU
		{0442259F-63C9-4FAA-B463-EAA7F5E5A9D5}.Debug|iPhone.Deploy.0 = Debug|Any CPU
		{0442259F-63C9-4FAA-B463-EAA7F5E5A9D5}.Debug|iPhoneSimulator.ActiveCfg = Debug|Any CPU
		{0442259F-63C9-4FAA-B463-EAA7F5E5A9D5}.Debug|iPhoneSimulator.Build.0 = Debug|Any CPU
		{0442259F-63C9-4FAA-B463-EAA7F5E5A9D5}.Debug|iPhoneSimulator.Deploy.0 = Debug|Any CPU
		{0442259F-63C9-4FAA-B463-EAA7F5E5A9D5}.Debug|x64.ActiveCfg = Debug|Any CPU
		{0442259F-63C9-4FAA-B463-EAA7F5E5A9D5}.Debug|x64.Build.0 = Debug|Any CPU
		{0442259F-63C9-4FAA-B463-EAA7F5E5A9D5}.Debug|x64.Deploy.0 = Debug|Any CPU
		{0442259F-63C9-4FAA-B463-EAA7F5E5A9D5}.Debug|x86.ActiveCfg = Debug|Any CPU
		{0442259F-63C9-4FAA-B463-EAA7F5E5A9D5}.Debug|x86.Build.0 = Debug|Any CPU
		{0442259F-63C9-4FAA-B463-EAA7F5E5A9D5}.Debug|x86.Deploy.0 = Debug|Any CPU
		{0442259F-63C9-4FAA-B463-EAA7F5E5A9D5}.Release|Any CPU.ActiveCfg = Release|Any CPU
		{0442259F-63C9-4FAA-B463-EAA7F5E5A9D5}.Release|Any CPU.Build.0 = Release|Any CPU
		{0442259F-63C9-4FAA-B463-EAA7F5E5A9D5}.Release|Any CPU.Deploy.0 = Release|Any CPU
		{0442259F-63C9-4FAA-B463-EAA7F5E5A9D5}.Release|ARM.ActiveCfg = Release|Any CPU
		{0442259F-63C9-4FAA-B463-EAA7F5E5A9D5}.Release|ARM.Build.0 = Release|Any CPU
		{0442259F-63C9-4FAA-B463-EAA7F5E5A9D5}.Release|ARM.Deploy.0 = Release|Any CPU
		{0442259F-63C9-4FAA-B463-EAA7F5E5A9D5}.Release|iPhone.ActiveCfg = Release|Any CPU
		{0442259F-63C9-4FAA-B463-EAA7F5E5A9D5}.Release|iPhone.Build.0 = Release|Any CPU
		{0442259F-63C9-4FAA-B463-EAA7F5E5A9D5}.Release|iPhone.Deploy.0 = Release|Any CPU
		{0442259F-63C9-4FAA-B463-EAA7F5E5A9D5}.Release|iPhoneSimulator.ActiveCfg = Release|Any CPU
		{0442259F-63C9-4FAA-B463-EAA7F5E5A9D5}.Release|iPhoneSimulator.Build.0 = Release|Any CPU
		{0442259F-63C9-4FAA-B463-EAA7F5E5A9D5}.Release|iPhoneSimulator.Deploy.0 = Release|Any CPU
		{0442259F-63C9-4FAA-B463-EAA7F5E5A9D5}.Release|x64.ActiveCfg = Release|Any CPU
		{0442259F-63C9-4FAA-B463-EAA7F5E5A9D5}.Release|x64.Build.0 = Release|Any CPU
		{0442259F-63C9-4FAA-B463-EAA7F5E5A9D5}.Release|x64.Deploy.0 = Release|Any CPU
		{0442259F-63C9-4FAA-B463-EAA7F5E5A9D5}.Release|x86.ActiveCfg = Release|Any CPU
		{0442259F-63C9-4FAA-B463-EAA7F5E5A9D5}.Release|x86.Build.0 = Release|Any CPU
		{0442259F-63C9-4FAA-B463-EAA7F5E5A9D5}.Release|x86.Deploy.0 = Release|Any CPU
		{2801F903-8792-44B9-92AF-A1B859AC2487}.Ad-Hoc|Any CPU.ActiveCfg = Release|Any CPU
		{2801F903-8792-44B9-92AF-A1B859AC2487}.Ad-Hoc|Any CPU.Build.0 = Release|Any CPU
		{2801F903-8792-44B9-92AF-A1B859AC2487}.Ad-Hoc|ARM.ActiveCfg = Release|Any CPU
		{2801F903-8792-44B9-92AF-A1B859AC2487}.Ad-Hoc|ARM.Build.0 = Release|Any CPU
		{2801F903-8792-44B9-92AF-A1B859AC2487}.Ad-Hoc|iPhone.ActiveCfg = Release|Any CPU
		{2801F903-8792-44B9-92AF-A1B859AC2487}.Ad-Hoc|iPhone.Build.0 = Release|Any CPU
		{2801F903-8792-44B9-92AF-A1B859AC2487}.Ad-Hoc|iPhoneSimulator.ActiveCfg = Release|Any CPU
		{2801F903-8792-44B9-92AF-A1B859AC2487}.Ad-Hoc|iPhoneSimulator.Build.0 = Release|Any CPU
		{2801F903-8792-44B9-92AF-A1B859AC2487}.Ad-Hoc|x64.ActiveCfg = Release|Any CPU
		{2801F903-8792-44B9-92AF-A1B859AC2487}.Ad-Hoc|x64.Build.0 = Release|Any CPU
		{2801F903-8792-44B9-92AF-A1B859AC2487}.Ad-Hoc|x86.ActiveCfg = Release|Any CPU
		{2801F903-8792-44B9-92AF-A1B859AC2487}.Ad-Hoc|x86.Build.0 = Release|Any CPU
		{2801F903-8792-44B9-92AF-A1B859AC2487}.AppStore|Any CPU.ActiveCfg = Release|Any CPU
		{2801F903-8792-44B9-92AF-A1B859AC2487}.AppStore|Any CPU.Build.0 = Release|Any CPU
		{2801F903-8792-44B9-92AF-A1B859AC2487}.AppStore|ARM.ActiveCfg = Release|Any CPU
		{2801F903-8792-44B9-92AF-A1B859AC2487}.AppStore|ARM.Build.0 = Release|Any CPU
		{2801F903-8792-44B9-92AF-A1B859AC2487}.AppStore|iPhone.ActiveCfg = Release|Any CPU
		{2801F903-8792-44B9-92AF-A1B859AC2487}.AppStore|iPhone.Build.0 = Release|Any CPU
		{2801F903-8792-44B9-92AF-A1B859AC2487}.AppStore|iPhoneSimulator.ActiveCfg = Release|Any CPU
		{2801F903-8792-44B9-92AF-A1B859AC2487}.AppStore|iPhoneSimulator.Build.0 = Release|Any CPU
		{2801F903-8792-44B9-92AF-A1B859AC2487}.AppStore|x64.ActiveCfg = Release|Any CPU
		{2801F903-8792-44B9-92AF-A1B859AC2487}.AppStore|x64.Build.0 = Release|Any CPU
		{2801F903-8792-44B9-92AF-A1B859AC2487}.AppStore|x86.ActiveCfg = Release|Any CPU
		{2801F903-8792-44B9-92AF-A1B859AC2487}.AppStore|x86.Build.0 = Release|Any CPU
		{2801F903-8792-44B9-92AF-A1B859AC2487}.Debug|Any CPU.ActiveCfg = Debug|Any CPU
		{2801F903-8792-44B9-92AF-A1B859AC2487}.Debug|Any CPU.Build.0 = Debug|Any CPU
		{2801F903-8792-44B9-92AF-A1B859AC2487}.Debug|ARM.ActiveCfg = Debug|Any CPU
		{2801F903-8792-44B9-92AF-A1B859AC2487}.Debug|ARM.Build.0 = Debug|Any CPU
		{2801F903-8792-44B9-92AF-A1B859AC2487}.Debug|iPhone.ActiveCfg = Debug|Any CPU
		{2801F903-8792-44B9-92AF-A1B859AC2487}.Debug|iPhone.Build.0 = Debug|Any CPU
		{2801F903-8792-44B9-92AF-A1B859AC2487}.Debug|iPhoneSimulator.ActiveCfg = Debug|Any CPU
		{2801F903-8792-44B9-92AF-A1B859AC2487}.Debug|iPhoneSimulator.Build.0 = Debug|Any CPU
		{2801F903-8792-44B9-92AF-A1B859AC2487}.Debug|x64.ActiveCfg = Debug|Any CPU
		{2801F903-8792-44B9-92AF-A1B859AC2487}.Debug|x64.Build.0 = Debug|Any CPU
		{2801F903-8792-44B9-92AF-A1B859AC2487}.Debug|x86.ActiveCfg = Debug|Any CPU
		{2801F903-8792-44B9-92AF-A1B859AC2487}.Debug|x86.Build.0 = Debug|Any CPU
		{2801F903-8792-44B9-92AF-A1B859AC2487}.Release|Any CPU.ActiveCfg = Release|Any CPU
		{2801F903-8792-44B9-92AF-A1B859AC2487}.Release|Any CPU.Build.0 = Release|Any CPU
		{2801F903-8792-44B9-92AF-A1B859AC2487}.Release|ARM.ActiveCfg = Release|Any CPU
		{2801F903-8792-44B9-92AF-A1B859AC2487}.Release|ARM.Build.0 = Release|Any CPU
		{2801F903-8792-44B9-92AF-A1B859AC2487}.Release|iPhone.ActiveCfg = Release|Any CPU
		{2801F903-8792-44B9-92AF-A1B859AC2487}.Release|iPhone.Build.0 = Release|Any CPU
		{2801F903-8792-44B9-92AF-A1B859AC2487}.Release|iPhoneSimulator.ActiveCfg = Release|Any CPU
		{2801F903-8792-44B9-92AF-A1B859AC2487}.Release|iPhoneSimulator.Build.0 = Release|Any CPU
		{2801F903-8792-44B9-92AF-A1B859AC2487}.Release|x64.ActiveCfg = Release|Any CPU
		{2801F903-8792-44B9-92AF-A1B859AC2487}.Release|x64.Build.0 = Release|Any CPU
		{2801F903-8792-44B9-92AF-A1B859AC2487}.Release|x86.ActiveCfg = Release|Any CPU
		{2801F903-8792-44B9-92AF-A1B859AC2487}.Release|x86.Build.0 = Release|Any CPU
		{F7221406-DFBF-48C8-87CA-4C047736FCF8}.Ad-Hoc|Any CPU.ActiveCfg = Ad-Hoc|iPhone
		{F7221406-DFBF-48C8-87CA-4C047736FCF8}.Ad-Hoc|ARM.ActiveCfg = Ad-Hoc|iPhone
		{F7221406-DFBF-48C8-87CA-4C047736FCF8}.Ad-Hoc|iPhone.ActiveCfg = Ad-Hoc|iPhone
		{F7221406-DFBF-48C8-87CA-4C047736FCF8}.Ad-Hoc|iPhone.Build.0 = Ad-Hoc|iPhone
		{F7221406-DFBF-48C8-87CA-4C047736FCF8}.Ad-Hoc|iPhoneSimulator.ActiveCfg = Ad-Hoc|iPhoneSimulator
		{F7221406-DFBF-48C8-87CA-4C047736FCF8}.Ad-Hoc|iPhoneSimulator.Build.0 = Ad-Hoc|iPhoneSimulator
		{F7221406-DFBF-48C8-87CA-4C047736FCF8}.Ad-Hoc|x64.ActiveCfg = Ad-Hoc|iPhone
		{F7221406-DFBF-48C8-87CA-4C047736FCF8}.Ad-Hoc|x86.ActiveCfg = Ad-Hoc|iPhone
		{F7221406-DFBF-48C8-87CA-4C047736FCF8}.AppStore|Any CPU.ActiveCfg = AppStore|iPhone
		{F7221406-DFBF-48C8-87CA-4C047736FCF8}.AppStore|ARM.ActiveCfg = AppStore|iPhone
		{F7221406-DFBF-48C8-87CA-4C047736FCF8}.AppStore|iPhone.ActiveCfg = AppStore|iPhone
		{F7221406-DFBF-48C8-87CA-4C047736FCF8}.AppStore|iPhone.Build.0 = AppStore|iPhone
		{F7221406-DFBF-48C8-87CA-4C047736FCF8}.AppStore|iPhoneSimulator.ActiveCfg = AppStore|iPhoneSimulator
		{F7221406-DFBF-48C8-87CA-4C047736FCF8}.AppStore|iPhoneSimulator.Build.0 = AppStore|iPhoneSimulator
		{F7221406-DFBF-48C8-87CA-4C047736FCF8}.AppStore|x64.ActiveCfg = AppStore|iPhone
		{F7221406-DFBF-48C8-87CA-4C047736FCF8}.AppStore|x86.ActiveCfg = AppStore|iPhone
		{F7221406-DFBF-48C8-87CA-4C047736FCF8}.Debug|Any CPU.ActiveCfg = Debug|iPhone
		{F7221406-DFBF-48C8-87CA-4C047736FCF8}.Debug|ARM.ActiveCfg = Debug|iPhone
		{F7221406-DFBF-48C8-87CA-4C047736FCF8}.Debug|iPhone.ActiveCfg = Debug|iPhone
		{F7221406-DFBF-48C8-87CA-4C047736FCF8}.Debug|iPhone.Build.0 = Debug|iPhone
		{F7221406-DFBF-48C8-87CA-4C047736FCF8}.Debug|iPhoneSimulator.ActiveCfg = Debug|iPhoneSimulator
		{F7221406-DFBF-48C8-87CA-4C047736FCF8}.Debug|iPhoneSimulator.Build.0 = Debug|iPhoneSimulator
		{F7221406-DFBF-48C8-87CA-4C047736FCF8}.Debug|x64.ActiveCfg = Debug|iPhone
		{F7221406-DFBF-48C8-87CA-4C047736FCF8}.Debug|x86.ActiveCfg = Debug|iPhone
		{F7221406-DFBF-48C8-87CA-4C047736FCF8}.Release|Any CPU.ActiveCfg = Release|iPhone
		{F7221406-DFBF-48C8-87CA-4C047736FCF8}.Release|ARM.ActiveCfg = Release|iPhone
		{F7221406-DFBF-48C8-87CA-4C047736FCF8}.Release|iPhone.ActiveCfg = Release|iPhone
		{F7221406-DFBF-48C8-87CA-4C047736FCF8}.Release|iPhone.Build.0 = Release|iPhone
		{F7221406-DFBF-48C8-87CA-4C047736FCF8}.Release|iPhoneSimulator.ActiveCfg = Release|iPhoneSimulator
		{F7221406-DFBF-48C8-87CA-4C047736FCF8}.Release|iPhoneSimulator.Build.0 = Release|iPhoneSimulator
		{F7221406-DFBF-48C8-87CA-4C047736FCF8}.Release|x64.ActiveCfg = Release|iPhone
		{F7221406-DFBF-48C8-87CA-4C047736FCF8}.Release|x86.ActiveCfg = Release|iPhone
	EndGlobalSection
	GlobalSection(SolutionProperties) = preSolution
		HideSolutionNode = FALSE
	EndGlobalSection
EndGlobal
